// !$*UTF8*$!
{
	archiveVersion = 1;
	classes = {
	};
	objectVersion = 50;
	objects = {

/* Begin PBXBuildFile section */
		3B2C4424268C9A6B00B1DF4C /* Folder+helper.swift in Sources */ = {isa = PBXBuildFile; fileRef = 3B2C4423268C9A6B00B1DF4C /* Folder+helper.swift */; };
		3B2C4425268C9A6B00B1DF4C /* Folder+helper.swift in Sources */ = {isa = PBXBuildFile; fileRef = 3B2C4423268C9A6B00B1DF4C /* Folder+helper.swift */; };
		3B2C4427268C9AEF00B1DF4C /* FolderTests.swift in Sources */ = {isa = PBXBuildFile; fileRef = 3B2C4426268C9AEF00B1DF4C /* FolderTests.swift */; };
		3B671AF6268B4F2200AF1D28 /* SlipboxAppApp.swift in Sources */ = {isa = PBXBuildFile; fileRef = 3B671AF5268B4F2200AF1D28 /* SlipboxAppApp.swift */; };
		3B671AF8268B4F2200AF1D28 /* ContentView.swift in Sources */ = {isa = PBXBuildFile; fileRef = 3B671AF7268B4F2200AF1D28 /* ContentView.swift */; };
		3B671AFA268B4F2300AF1D28 /* Assets.xcassets in Resources */ = {isa = PBXBuildFile; fileRef = 3B671AF9268B4F2300AF1D28 /* Assets.xcassets */; };
		3B671AFD268B4F2300AF1D28 /* Preview Assets.xcassets in Resources */ = {isa = PBXBuildFile; fileRef = 3B671AFC268B4F2300AF1D28 /* Preview Assets.xcassets */; };
		3B671AFF268B4F2300AF1D28 /* Persistence.swift in Sources */ = {isa = PBXBuildFile; fileRef = 3B671AFE268B4F2300AF1D28 /* Persistence.swift */; };
		3B671B02268B4F2300AF1D28 /* SlipboxApp.xcdatamodeld in Sources */ = {isa = PBXBuildFile; fileRef = 3B671B00268B4F2300AF1D28 /* SlipboxApp.xcdatamodeld */; };
		3B671B0E268B4F2300AF1D28 /* SlipboxAppTests.swift in Sources */ = {isa = PBXBuildFile; fileRef = 3B671B0D268B4F2300AF1D28 /* SlipboxAppTests.swift */; };
		3B671B19268B4F2300AF1D28 /* SlipboxAppUITests.swift in Sources */ = {isa = PBXBuildFile; fileRef = 3B671B18268B4F2300AF1D28 /* SlipboxAppUITests.swift */; };
		3B671B28268B4F5D00AF1D28 /* CloudKit.framework in Frameworks */ = {isa = PBXBuildFile; fileRef = 3B671B27268B4F5D00AF1D28 /* CloudKit.framework */; };
		3B671B30268B4F7C00AF1D28 /* SlipboxPadApp.swift in Sources */ = {isa = PBXBuildFile; fileRef = 3B671B2F268B4F7C00AF1D28 /* SlipboxPadApp.swift */; };
		3B671B34268B4F7C00AF1D28 /* Assets.xcassets in Resources */ = {isa = PBXBuildFile; fileRef = 3B671B33268B4F7C00AF1D28 /* Assets.xcassets */; };
		3B671B37268B4F7C00AF1D28 /* Preview Assets.xcassets in Resources */ = {isa = PBXBuildFile; fileRef = 3B671B36268B4F7C00AF1D28 /* Preview Assets.xcassets */; };
		3B671B43268B4F8500AF1D28 /* CloudKit.framework in Frameworks */ = {isa = PBXBuildFile; fileRef = 3B671B42268B4F8500AF1D28 /* CloudKit.framework */; };
		3B671B45268B4FDD00AF1D28 /* Persistence.swift in Sources */ = {isa = PBXBuildFile; fileRef = 3B671AFE268B4F2300AF1D28 /* Persistence.swift */; };
		3B671B46268B500300AF1D28 /* SlipboxApp.xcdatamodeld in Sources */ = {isa = PBXBuildFile; fileRef = 3B671B00268B4F2300AF1D28 /* SlipboxApp.xcdatamodeld */; };
		3B671B47268B502500AF1D28 /* ContentView.swift in Sources */ = {isa = PBXBuildFile; fileRef = 3B671AF7268B4F2200AF1D28 /* ContentView.swift */; };
		3B671B4A268B508800AF1D28 /* Note+helper.swift in Sources */ = {isa = PBXBuildFile; fileRef = 3B671B49268B508800AF1D28 /* Note+helper.swift */; };
		3B6DD405268C53FC003F29BC /* Status.swift in Sources */ = {isa = PBXBuildFile; fileRef = 3B6DD404268C53FC003F29BC /* Status.swift */; };
		3B6DD406268C53FC003F29BC /* Status.swift in Sources */ = {isa = PBXBuildFile; fileRef = 3B6DD404268C53FC003F29BC /* Status.swift */; };
		3B6DD408268C5827003F29BC /* NSData+text.swift in Sources */ = {isa = PBXBuildFile; fileRef = 3B6DD407268C5827003F29BC /* NSData+text.swift */; };
		3B6DD409268C5827003F29BC /* NSData+text.swift in Sources */ = {isa = PBXBuildFile; fileRef = 3B6DD407268C5827003F29BC /* NSData+text.swift */; };
		3B6DD40C268C76AC003F29BC /* TextViewWrapper.swift in Sources */ = {isa = PBXBuildFile; fileRef = 3B6DD40B268C76AC003F29BC /* TextViewWrapper.swift */; };
		3B6DD40F268C7B20003F29BC /* TextViewWrapper.swift in Sources */ = {isa = PBXBuildFile; fileRef = 3B6DD40E268C7B20003F29BC /* TextViewWrapper.swift */; };
		3B6DD412268C8185003F29BC /* helper+for+nsitem+conversion.swift in Sources */ = {isa = PBXBuildFile; fileRef = 3B6DD411268C8185003F29BC /* helper+for+nsitem+conversion.swift */; };
		3BB5188A268B531200771A72 /* NSPredicate+helper.swift in Sources */ = {isa = PBXBuildFile; fileRef = 3BB51889268B531200771A72 /* NSPredicate+helper.swift */; };
		3BB5188B268B54A300771A72 /* Note+helper.swift in Sources */ = {isa = PBXBuildFile; fileRef = 3B671B49268B508800AF1D28 /* Note+helper.swift */; };
		3BB5188C268B54B000771A72 /* NSPredicate+helper.swift in Sources */ = {isa = PBXBuildFile; fileRef = 3BB51889268B531200771A72 /* NSPredicate+helper.swift */; };
		3BB5188E268B56D700771A72 /* NotesTests.swift in Sources */ = {isa = PBXBuildFile; fileRef = 3BB5188D268B56D700771A72 /* NotesTests.swift */; };
		3BB51890268B5B3800771A72 /* UnitTest+helper.swift in Sources */ = {isa = PBXBuildFile; fileRef = 3BB5188F268B5B3800771A72 /* UnitTest+helper.swift */; };
		3BB51891268B5B3800771A72 /* UnitTest+helper.swift in Sources */ = {isa = PBXBuildFile; fileRef = 3BB5188F268B5B3800771A72 /* UnitTest+helper.swift */; };
		3BB51894268B728A00771A72 /* NoteListView.swift in Sources */ = {isa = PBXBuildFile; fileRef = 3BB51893268B728A00771A72 /* NoteListView.swift */; };
		3BB51895268B728A00771A72 /* NoteListView.swift in Sources */ = {isa = PBXBuildFile; fileRef = 3BB51893268B728A00771A72 /* NoteListView.swift */; };
		3BB51897268B730000771A72 /* NoteView.swift in Sources */ = {isa = PBXBuildFile; fileRef = 3BB51896268B730000771A72 /* NoteView.swift */; };
		3BB5189A268B7A4B00771A72 /* NoteRow.swift in Sources */ = {isa = PBXBuildFile; fileRef = 3BB51899268B7A4B00771A72 /* NoteRow.swift */; };
		3BB5189B268B7A4B00771A72 /* NoteRow.swift in Sources */ = {isa = PBXBuildFile; fileRef = 3BB51899268B7A4B00771A72 /* NoteRow.swift */; };
/* End PBXBuildFile section */

/* Begin PBXContainerItemProxy section */
		3B671B0A268B4F2300AF1D28 /* PBXContainerItemProxy */ = {
			isa = PBXContainerItemProxy;
			containerPortal = 3B671AEA268B4F2200AF1D28 /* Project object */;
			proxyType = 1;
			remoteGlobalIDString = 3B671AF1268B4F2200AF1D28;
			remoteInfo = SlipboxApp;
		};
		3B671B15268B4F2300AF1D28 /* PBXContainerItemProxy */ = {
			isa = PBXContainerItemProxy;
			containerPortal = 3B671AEA268B4F2200AF1D28 /* Project object */;
			proxyType = 1;
			remoteGlobalIDString = 3B671AF1268B4F2200AF1D28;
			remoteInfo = SlipboxApp;
		};
/* End PBXContainerItemProxy section */

/* Begin PBXFileReference section */
		3B2C4423268C9A6B00B1DF4C /* Folder+helper.swift */ = {isa = PBXFileReference; lastKnownFileType = sourcecode.swift; path = "Folder+helper.swift"; sourceTree = "<group>"; };
		3B2C4426268C9AEF00B1DF4C /* FolderTests.swift */ = {isa = PBXFileReference; lastKnownFileType = sourcecode.swift; path = FolderTests.swift; sourceTree = "<group>"; };
		3B671AF2268B4F2200AF1D28 /* SlipboxApp.app */ = {isa = PBXFileReference; explicitFileType = wrapper.application; includeInIndex = 0; path = SlipboxApp.app; sourceTree = BUILT_PRODUCTS_DIR; };
		3B671AF5268B4F2200AF1D28 /* SlipboxAppApp.swift */ = {isa = PBXFileReference; lastKnownFileType = sourcecode.swift; path = SlipboxAppApp.swift; sourceTree = "<group>"; };
		3B671AF7268B4F2200AF1D28 /* ContentView.swift */ = {isa = PBXFileReference; lastKnownFileType = sourcecode.swift; path = ContentView.swift; sourceTree = "<group>"; };
		3B671AF9268B4F2300AF1D28 /* Assets.xcassets */ = {isa = PBXFileReference; lastKnownFileType = folder.assetcatalog; path = Assets.xcassets; sourceTree = "<group>"; };
		3B671AFC268B4F2300AF1D28 /* Preview Assets.xcassets */ = {isa = PBXFileReference; lastKnownFileType = folder.assetcatalog; path = "Preview Assets.xcassets"; sourceTree = "<group>"; };
		3B671AFE268B4F2300AF1D28 /* Persistence.swift */ = {isa = PBXFileReference; lastKnownFileType = sourcecode.swift; path = Persistence.swift; sourceTree = "<group>"; };
		3B671B01268B4F2300AF1D28 /* SlipboxApp.xcdatamodel */ = {isa = PBXFileReference; lastKnownFileType = wrapper.xcdatamodel; path = SlipboxApp.xcdatamodel; sourceTree = "<group>"; };
		3B671B03268B4F2300AF1D28 /* Info.plist */ = {isa = PBXFileReference; lastKnownFileType = text.plist.xml; path = Info.plist; sourceTree = "<group>"; };
		3B671B04268B4F2300AF1D28 /* SlipboxApp.entitlements */ = {isa = PBXFileReference; lastKnownFileType = text.plist.entitlements; path = SlipboxApp.entitlements; sourceTree = "<group>"; };
		3B671B09268B4F2300AF1D28 /* SlipboxAppTests.xctest */ = {isa = PBXFileReference; explicitFileType = wrapper.cfbundle; includeInIndex = 0; path = SlipboxAppTests.xctest; sourceTree = BUILT_PRODUCTS_DIR; };
		3B671B0D268B4F2300AF1D28 /* SlipboxAppTests.swift */ = {isa = PBXFileReference; lastKnownFileType = sourcecode.swift; path = SlipboxAppTests.swift; sourceTree = "<group>"; };
		3B671B0F268B4F2300AF1D28 /* Info.plist */ = {isa = PBXFileReference; lastKnownFileType = text.plist.xml; path = Info.plist; sourceTree = "<group>"; };
		3B671B14268B4F2300AF1D28 /* SlipboxAppUITests.xctest */ = {isa = PBXFileReference; explicitFileType = wrapper.cfbundle; includeInIndex = 0; path = SlipboxAppUITests.xctest; sourceTree = BUILT_PRODUCTS_DIR; };
		3B671B18268B4F2300AF1D28 /* SlipboxAppUITests.swift */ = {isa = PBXFileReference; lastKnownFileType = sourcecode.swift; path = SlipboxAppUITests.swift; sourceTree = "<group>"; };
		3B671B1A268B4F2300AF1D28 /* Info.plist */ = {isa = PBXFileReference; lastKnownFileType = text.plist.xml; path = Info.plist; sourceTree = "<group>"; };
		3B671B27268B4F5D00AF1D28 /* CloudKit.framework */ = {isa = PBXFileReference; lastKnownFileType = wrapper.framework; name = CloudKit.framework; path = System/Library/Frameworks/CloudKit.framework; sourceTree = SDKROOT; };
		3B671B2D268B4F7C00AF1D28 /* SlipboxPad.app */ = {isa = PBXFileReference; explicitFileType = wrapper.application; includeInIndex = 0; path = SlipboxPad.app; sourceTree = BUILT_PRODUCTS_DIR; };
		3B671B2F268B4F7C00AF1D28 /* SlipboxPadApp.swift */ = {isa = PBXFileReference; lastKnownFileType = sourcecode.swift; path = SlipboxPadApp.swift; sourceTree = "<group>"; };
		3B671B33268B4F7C00AF1D28 /* Assets.xcassets */ = {isa = PBXFileReference; lastKnownFileType = folder.assetcatalog; path = Assets.xcassets; sourceTree = "<group>"; };
		3B671B36268B4F7C00AF1D28 /* Preview Assets.xcassets */ = {isa = PBXFileReference; lastKnownFileType = folder.assetcatalog; path = "Preview Assets.xcassets"; sourceTree = "<group>"; };
		3B671B3D268B4F7C00AF1D28 /* Info.plist */ = {isa = PBXFileReference; lastKnownFileType = text.plist.xml; path = Info.plist; sourceTree = "<group>"; };
		3B671B41268B4F8300AF1D28 /* SlipboxPad.entitlements */ = {isa = PBXFileReference; lastKnownFileType = text.plist.entitlements; path = SlipboxPad.entitlements; sourceTree = "<group>"; };
		3B671B42268B4F8500AF1D28 /* CloudKit.framework */ = {isa = PBXFileReference; lastKnownFileType = wrapper.framework; name = CloudKit.framework; path = Platforms/iPhoneOS.platform/Developer/SDKs/iPhoneOS14.5.sdk/System/Library/Frameworks/CloudKit.framework; sourceTree = DEVELOPER_DIR; };
		3B671B49268B508800AF1D28 /* Note+helper.swift */ = {isa = PBXFileReference; lastKnownFileType = sourcecode.swift; path = "Note+helper.swift"; sourceTree = "<group>"; };
		3B6DD404268C53FC003F29BC /* Status.swift */ = {isa = PBXFileReference; lastKnownFileType = sourcecode.swift; path = Status.swift; sourceTree = "<group>"; };
		3B6DD407268C5827003F29BC /* NSData+text.swift */ = {isa = PBXFileReference; lastKnownFileType = sourcecode.swift; path = "NSData+text.swift"; sourceTree = "<group>"; };
		3B6DD40B268C76AC003F29BC /* TextViewWrapper.swift */ = {isa = PBXFileReference; lastKnownFileType = sourcecode.swift; path = TextViewWrapper.swift; sourceTree = "<group>"; };
		3B6DD40E268C7B20003F29BC /* TextViewWrapper.swift */ = {isa = PBXFileReference; lastKnownFileType = sourcecode.swift; path = TextViewWrapper.swift; sourceTree = "<group>"; };
		3B6DD411268C8185003F29BC /* helper+for+nsitem+conversion.swift */ = {isa = PBXFileReference; lastKnownFileType = sourcecode.swift; path = "helper+for+nsitem+conversion.swift"; sourceTree = "<group>"; };
		3BB51889268B531200771A72 /* NSPredicate+helper.swift */ = {isa = PBXFileReference; lastKnownFileType = sourcecode.swift; path = "NSPredicate+helper.swift"; sourceTree = "<group>"; };
		3BB5188D268B56D700771A72 /* NotesTests.swift */ = {isa = PBXFileReference; lastKnownFileType = sourcecode.swift; path = NotesTests.swift; sourceTree = "<group>"; };
		3BB5188F268B5B3800771A72 /* UnitTest+helper.swift */ = {isa = PBXFileReference; lastKnownFileType = sourcecode.swift; path = "UnitTest+helper.swift"; sourceTree = "<group>"; };
		3BB51893268B728A00771A72 /* NoteListView.swift */ = {isa = PBXFileReference; lastKnownFileType = sourcecode.swift; path = NoteListView.swift; sourceTree = "<group>"; };
		3BB51896268B730000771A72 /* NoteView.swift */ = {isa = PBXFileReference; lastKnownFileType = sourcecode.swift; path = NoteView.swift; sourceTree = "<group>"; };
		3BB51899268B7A4B00771A72 /* NoteRow.swift */ = {isa = PBXFileReference; lastKnownFileType = sourcecode.swift; path = NoteRow.swift; sourceTree = "<group>"; };
/* End PBXFileReference section */

/* Begin PBXFrameworksBuildPhase section */
		3B671AEF268B4F2200AF1D28 /* Frameworks */ = {
			isa = PBXFrameworksBuildPhase;
			buildActionMask = 2147483647;
			files = (
				3B671B28268B4F5D00AF1D28 /* CloudKit.framework in Frameworks */,
			);
			runOnlyForDeploymentPostprocessing = 0;
		};
		3B671B06268B4F2300AF1D28 /* Frameworks */ = {
			isa = PBXFrameworksBuildPhase;
			buildActionMask = 2147483647;
			files = (
			);
			runOnlyForDeploymentPostprocessing = 0;
		};
		3B671B11268B4F2300AF1D28 /* Frameworks */ = {
			isa = PBXFrameworksBuildPhase;
			buildActionMask = 2147483647;
			files = (
			);
			runOnlyForDeploymentPostprocessing = 0;
		};
		3B671B2A268B4F7C00AF1D28 /* Frameworks */ = {
			isa = PBXFrameworksBuildPhase;
			buildActionMask = 2147483647;
			files = (
				3B671B43268B4F8500AF1D28 /* CloudKit.framework in Frameworks */,
			);
			runOnlyForDeploymentPostprocessing = 0;
		};
/* End PBXFrameworksBuildPhase section */

/* Begin PBXGroup section */
		3B671AE9268B4F2200AF1D28 = {
			isa = PBXGroup;
			children = (
				3B671B44268B4F9A00AF1D28 /* Shared */,
				3B671AF4268B4F2200AF1D28 /* SlipboxApp */,
				3B671B2E268B4F7C00AF1D28 /* SlipboxPad */,
				3B671B0C268B4F2300AF1D28 /* SlipboxAppTests */,
				3B671B17268B4F2300AF1D28 /* SlipboxAppUITests */,
				3B671AF3268B4F2200AF1D28 /* Products */,
				3B671B26268B4F5D00AF1D28 /* Frameworks */,
			);
			sourceTree = "<group>";
		};
		3B671AF3268B4F2200AF1D28 /* Products */ = {
			isa = PBXGroup;
			children = (
				3B671AF2268B4F2200AF1D28 /* SlipboxApp.app */,
				3B671B09268B4F2300AF1D28 /* SlipboxAppTests.xctest */,
				3B671B14268B4F2300AF1D28 /* SlipboxAppUITests.xctest */,
				3B671B2D268B4F7C00AF1D28 /* SlipboxPad.app */,
			);
			name = Products;
			sourceTree = "<group>";
		};
		3B671AF4268B4F2200AF1D28 /* SlipboxApp */ = {
			isa = PBXGroup;
			children = (
				3B6DD410268C816A003F29BC /* Helpers */,
				3B6DD40A268C7682003F29BC /* UI */,
				3B671AF5268B4F2200AF1D28 /* SlipboxAppApp.swift */,
				3B671AF9268B4F2300AF1D28 /* Assets.xcassets */,
				3B671B03268B4F2300AF1D28 /* Info.plist */,
				3B671B04268B4F2300AF1D28 /* SlipboxApp.entitlements */,
				3B671AFB268B4F2300AF1D28 /* Preview Content */,
			);
			path = SlipboxApp;
			sourceTree = "<group>";
		};
		3B671AFB268B4F2300AF1D28 /* Preview Content */ = {
			isa = PBXGroup;
			children = (
				3B671AFC268B4F2300AF1D28 /* Preview Assets.xcassets */,
			);
			path = "Preview Content";
			sourceTree = "<group>";
		};
		3B671B0C268B4F2300AF1D28 /* SlipboxAppTests */ = {
			isa = PBXGroup;
			children = (
				3B671B0D268B4F2300AF1D28 /* SlipboxAppTests.swift */,
				3BB5188D268B56D700771A72 /* NotesTests.swift */,
				3B2C4426268C9AEF00B1DF4C /* FolderTests.swift */,
				3B671B0F268B4F2300AF1D28 /* Info.plist */,
			);
			path = SlipboxAppTests;
			sourceTree = "<group>";
		};
		3B671B17268B4F2300AF1D28 /* SlipboxAppUITests */ = {
			isa = PBXGroup;
			children = (
				3B671B18268B4F2300AF1D28 /* SlipboxAppUITests.swift */,
				3B671B1A268B4F2300AF1D28 /* Info.plist */,
			);
			path = SlipboxAppUITests;
			sourceTree = "<group>";
		};
		3B671B26268B4F5D00AF1D28 /* Frameworks */ = {
			isa = PBXGroup;
			children = (
				3B671B42268B4F8500AF1D28 /* CloudKit.framework */,
				3B671B27268B4F5D00AF1D28 /* CloudKit.framework */,
			);
			name = Frameworks;
			sourceTree = "<group>";
		};
		3B671B2E268B4F7C00AF1D28 /* SlipboxPad */ = {
			isa = PBXGroup;
			children = (
				3B6DD40D268C7B13003F29BC /* UI */,
				3B671B41268B4F8300AF1D28 /* SlipboxPad.entitlements */,
				3B671B2F268B4F7C00AF1D28 /* SlipboxPadApp.swift */,
				3B671B33268B4F7C00AF1D28 /* Assets.xcassets */,
				3B671B3D268B4F7C00AF1D28 /* Info.plist */,
				3B671B35268B4F7C00AF1D28 /* Preview Content */,
			);
			path = SlipboxPad;
			sourceTree = "<group>";
		};
		3B671B35268B4F7C00AF1D28 /* Preview Content */ = {
			isa = PBXGroup;
			children = (
				3B671B36268B4F7C00AF1D28 /* Preview Assets.xcassets */,
			);
			path = "Preview Content";
			sourceTree = "<group>";
		};
		3B671B44268B4F9A00AF1D28 /* Shared */ = {
			isa = PBXGroup;
			children = (
				3B671B48268B507700AF1D28 /* Model */,
				3BB51888268B52F500771A72 /* Helpers */,
				3BB51892268B727500771A72 /* UI */,
				3B671AF7268B4F2200AF1D28 /* ContentView.swift */,
				3B671AFE268B4F2300AF1D28 /* Persistence.swift */,
				3B671B00268B4F2300AF1D28 /* SlipboxApp.xcdatamodeld */,
			);
			path = Shared;
			sourceTree = "<group>";
		};
		3B671B48268B507700AF1D28 /* Model */ = {
			isa = PBXGroup;
			children = (
				3B671B49268B508800AF1D28 /* Note+helper.swift */,
				3B6DD404268C53FC003F29BC /* Status.swift */,
				3B6DD407268C5827003F29BC /* NSData+text.swift */,
				3B2C4423268C9A6B00B1DF4C /* Folder+helper.swift */,
			);
			path = Model;
			sourceTree = "<group>";
		};
		3B6DD40A268C7682003F29BC /* UI */ = {
			isa = PBXGroup;
			children = (
				3B6DD40B268C76AC003F29BC /* TextViewWrapper.swift */,
			);
			path = UI;
			sourceTree = "<group>";
		};
		3B6DD40D268C7B13003F29BC /* UI */ = {
			isa = PBXGroup;
			children = (
				3B6DD40E268C7B20003F29BC /* TextViewWrapper.swift */,
			);
			path = UI;
			sourceTree = "<group>";
		};
		3B6DD410268C816A003F29BC /* Helpers */ = {
			isa = PBXGroup;
			children = (
				3B6DD411268C8185003F29BC /* helper+for+nsitem+conversion.swift */,
			);
			path = Helpers;
			sourceTree = "<group>";
		};
		3BB51888268B52F500771A72 /* Helpers */ = {
			isa = PBXGroup;
			children = (
				3BB51889268B531200771A72 /* NSPredicate+helper.swift */,
				3BB5188F268B5B3800771A72 /* UnitTest+helper.swift */,
			);
			path = Helpers;
			sourceTree = "<group>";
		};
		3BB51892268B727500771A72 /* UI */ = {
			isa = PBXGroup;
			children = (
				3BB51893268B728A00771A72 /* NoteListView.swift */,
				3BB51896268B730000771A72 /* NoteView.swift */,
				3BB51899268B7A4B00771A72 /* NoteRow.swift */,
			);
			path = UI;
			sourceTree = "<group>";
		};
/* End PBXGroup section */

/* Begin PBXNativeTarget section */
		3B671AF1268B4F2200AF1D28 /* SlipboxApp */ = {
			isa = PBXNativeTarget;
			buildConfigurationList = 3B671B1D268B4F2300AF1D28 /* Build configuration list for PBXNativeTarget "SlipboxApp" */;
			buildPhases = (
				3B671AEE268B4F2200AF1D28 /* Sources */,
				3B671AEF268B4F2200AF1D28 /* Frameworks */,
				3B671AF0268B4F2200AF1D28 /* Resources */,
			);
			buildRules = (
			);
			dependencies = (
			);
			name = SlipboxApp;
			productName = SlipboxApp;
			productReference = 3B671AF2268B4F2200AF1D28 /* SlipboxApp.app */;
			productType = "com.apple.product-type.application";
		};
		3B671B08268B4F2300AF1D28 /* SlipboxAppTests */ = {
			isa = PBXNativeTarget;
			buildConfigurationList = 3B671B20268B4F2300AF1D28 /* Build configuration list for PBXNativeTarget "SlipboxAppTests" */;
			buildPhases = (
				3B671B05268B4F2300AF1D28 /* Sources */,
				3B671B06268B4F2300AF1D28 /* Frameworks */,
				3B671B07268B4F2300AF1D28 /* Resources */,
			);
			buildRules = (
			);
			dependencies = (
				3B671B0B268B4F2300AF1D28 /* PBXTargetDependency */,
			);
			name = SlipboxAppTests;
			productName = SlipboxAppTests;
			productReference = 3B671B09268B4F2300AF1D28 /* SlipboxAppTests.xctest */;
			productType = "com.apple.product-type.bundle.unit-test";
		};
		3B671B13268B4F2300AF1D28 /* SlipboxAppUITests */ = {
			isa = PBXNativeTarget;
			buildConfigurationList = 3B671B23268B4F2300AF1D28 /* Build configuration list for PBXNativeTarget "SlipboxAppUITests" */;
			buildPhases = (
				3B671B10268B4F2300AF1D28 /* Sources */,
				3B671B11268B4F2300AF1D28 /* Frameworks */,
				3B671B12268B4F2300AF1D28 /* Resources */,
			);
			buildRules = (
			);
			dependencies = (
				3B671B16268B4F2300AF1D28 /* PBXTargetDependency */,
			);
			name = SlipboxAppUITests;
			productName = SlipboxAppUITests;
			productReference = 3B671B14268B4F2300AF1D28 /* SlipboxAppUITests.xctest */;
			productType = "com.apple.product-type.bundle.ui-testing";
		};
		3B671B2C268B4F7C00AF1D28 /* SlipboxPad */ = {
			isa = PBXNativeTarget;
			buildConfigurationList = 3B671B3E268B4F7C00AF1D28 /* Build configuration list for PBXNativeTarget "SlipboxPad" */;
			buildPhases = (
				3B671B29268B4F7C00AF1D28 /* Sources */,
				3B671B2A268B4F7C00AF1D28 /* Frameworks */,
				3B671B2B268B4F7C00AF1D28 /* Resources */,
			);
			buildRules = (
			);
			dependencies = (
			);
			name = SlipboxPad;
			productName = SlipboxPad;
			productReference = 3B671B2D268B4F7C00AF1D28 /* SlipboxPad.app */;
			productType = "com.apple.product-type.application";
		};
/* End PBXNativeTarget section */

/* Begin PBXProject section */
		3B671AEA268B4F2200AF1D28 /* Project object */ = {
			isa = PBXProject;
			attributes = {
				LastSwiftUpdateCheck = 1250;
				LastUpgradeCheck = 1250;
				TargetAttributes = {
					3B671AF1268B4F2200AF1D28 = {
						CreatedOnToolsVersion = 12.5.1;
					};
					3B671B08268B4F2300AF1D28 = {
						CreatedOnToolsVersion = 12.5.1;
						TestTargetID = 3B671AF1268B4F2200AF1D28;
					};
					3B671B13268B4F2300AF1D28 = {
						CreatedOnToolsVersion = 12.5.1;
						TestTargetID = 3B671AF1268B4F2200AF1D28;
					};
					3B671B2C268B4F7C00AF1D28 = {
						CreatedOnToolsVersion = 12.5.1;
					};
				};
			};
			buildConfigurationList = 3B671AED268B4F2200AF1D28 /* Build configuration list for PBXProject "SlipboxApp" */;
			compatibilityVersion = "Xcode 9.3";
			developmentRegion = en;
			hasScannedForEncodings = 0;
			knownRegions = (
				en,
				Base,
			);
			mainGroup = 3B671AE9268B4F2200AF1D28;
			productRefGroup = 3B671AF3268B4F2200AF1D28 /* Products */;
			projectDirPath = "";
			projectRoot = "";
			targets = (
				3B671AF1268B4F2200AF1D28 /* SlipboxApp */,
				3B671B08268B4F2300AF1D28 /* SlipboxAppTests */,
				3B671B13268B4F2300AF1D28 /* SlipboxAppUITests */,
				3B671B2C268B4F7C00AF1D28 /* SlipboxPad */,
			);
		};
/* End PBXProject section */

/* Begin PBXResourcesBuildPhase section */
		3B671AF0268B4F2200AF1D28 /* Resources */ = {
			isa = PBXResourcesBuildPhase;
			buildActionMask = 2147483647;
			files = (
				3B671AFD268B4F2300AF1D28 /* Preview Assets.xcassets in Resources */,
				3B671AFA268B4F2300AF1D28 /* Assets.xcassets in Resources */,
			);
			runOnlyForDeploymentPostprocessing = 0;
		};
		3B671B07268B4F2300AF1D28 /* Resources */ = {
			isa = PBXResourcesBuildPhase;
			buildActionMask = 2147483647;
			files = (
			);
			runOnlyForDeploymentPostprocessing = 0;
		};
		3B671B12268B4F2300AF1D28 /* Resources */ = {
			isa = PBXResourcesBuildPhase;
			buildActionMask = 2147483647;
			files = (
			);
			runOnlyForDeploymentPostprocessing = 0;
		};
		3B671B2B268B4F7C00AF1D28 /* Resources */ = {
			isa = PBXResourcesBuildPhase;
			buildActionMask = 2147483647;
			files = (
				3B671B37268B4F7C00AF1D28 /* Preview Assets.xcassets in Resources */,
				3B671B34268B4F7C00AF1D28 /* Assets.xcassets in Resources */,
			);
			runOnlyForDeploymentPostprocessing = 0;
		};
/* End PBXResourcesBuildPhase section */

/* Begin PBXSourcesBuildPhase section */
		3B671AEE268B4F2200AF1D28 /* Sources */ = {
			isa = PBXSourcesBuildPhase;
			buildActionMask = 2147483647;
			files = (
				3BB5189A268B7A4B00771A72 /* NoteRow.swift in Sources */,
				3BB5188A268B531200771A72 /* NSPredicate+helper.swift in Sources */,
				3BB51890268B5B3800771A72 /* UnitTest+helper.swift in Sources */,
				3B6DD412268C8185003F29BC /* helper+for+nsitem+conversion.swift in Sources */,
				3BB51894268B728A00771A72 /* NoteListView.swift in Sources */,
				3B6DD405268C53FC003F29BC /* Status.swift in Sources */,
				3B2C4424268C9A6B00B1DF4C /* Folder+helper.swift in Sources */,
				3B671B4A268B508800AF1D28 /* Note+helper.swift in Sources */,
				3B671AFF268B4F2300AF1D28 /* Persistence.swift in Sources */,
				3B671B02268B4F2300AF1D28 /* SlipboxApp.xcdatamodeld in Sources */,
				3B671AF8268B4F2200AF1D28 /* ContentView.swift in Sources */,
				3B671AF6268B4F2200AF1D28 /* SlipboxAppApp.swift in Sources */,
				3B6DD40C268C76AC003F29BC /* TextViewWrapper.swift in Sources */,
				3BB51897268B730000771A72 /* NoteView.swift in Sources */,
				3B6DD408268C5827003F29BC /* NSData+text.swift in Sources */,
			);
			runOnlyForDeploymentPostprocessing = 0;
		};
		3B671B05268B4F2300AF1D28 /* Sources */ = {
			isa = PBXSourcesBuildPhase;
			buildActionMask = 2147483647;
			files = (
				3B671B0E268B4F2300AF1D28 /* SlipboxAppTests.swift in Sources */,
				3B2C4427268C9AEF00B1DF4C /* FolderTests.swift in Sources */,
				3BB5188E268B56D700771A72 /* NotesTests.swift in Sources */,
			);
			runOnlyForDeploymentPostprocessing = 0;
		};
		3B671B10268B4F2300AF1D28 /* Sources */ = {
			isa = PBXSourcesBuildPhase;
			buildActionMask = 2147483647;
			files = (
				3B671B19268B4F2300AF1D28 /* SlipboxAppUITests.swift in Sources */,
			);
			runOnlyForDeploymentPostprocessing = 0;
		};
		3B671B29268B4F7C00AF1D28 /* Sources */ = {
			isa = PBXSourcesBuildPhase;
			buildActionMask = 2147483647;
			files = (
				3BB5189B268B7A4B00771A72 /* NoteRow.swift in Sources */,
				3BB5188C268B54B000771A72 /* NSPredicate+helper.swift in Sources */,
				3B2C4425268C9A6B00B1DF4C /* Folder+helper.swift in Sources */,
				3BB51891268B5B3800771A72 /* UnitTest+helper.swift in Sources */,
				3BB51895268B728A00771A72 /* NoteListView.swift in Sources */,
				3B6DD406268C53FC003F29BC /* Status.swift in Sources */,
				3BB5188B268B54A300771A72 /* Note+helper.swift in Sources */,
				3B671B47268B502500AF1D28 /* ContentView.swift in Sources */,
				3B671B30268B4F7C00AF1D28 /* SlipboxPadApp.swift in Sources */,
				3B671B46268B500300AF1D28 /* SlipboxApp.xcdatamodeld in Sources */,
				3B671B45268B4FDD00AF1D28 /* Persistence.swift in Sources */,
				3B6DD40F268C7B20003F29BC /* TextViewWrapper.swift in Sources */,
				3B6DD409268C5827003F29BC /* NSData+text.swift in Sources */,
			);
			runOnlyForDeploymentPostprocessing = 0;
		};
/* End PBXSourcesBuildPhase section */

/* Begin PBXTargetDependency section */
		3B671B0B268B4F2300AF1D28 /* PBXTargetDependency */ = {
			isa = PBXTargetDependency;
			target = 3B671AF1268B4F2200AF1D28 /* SlipboxApp */;
			targetProxy = 3B671B0A268B4F2300AF1D28 /* PBXContainerItemProxy */;
		};
		3B671B16268B4F2300AF1D28 /* PBXTargetDependency */ = {
			isa = PBXTargetDependency;
			target = 3B671AF1268B4F2200AF1D28 /* SlipboxApp */;
			targetProxy = 3B671B15268B4F2300AF1D28 /* PBXContainerItemProxy */;
		};
/* End PBXTargetDependency section */

/* Begin XCBuildConfiguration section */
		3B671B1B268B4F2300AF1D28 /* Debug */ = {
			isa = XCBuildConfiguration;
			buildSettings = {
				ALWAYS_SEARCH_USER_PATHS = NO;
				CLANG_ANALYZER_NONNULL = YES;
				CLANG_ANALYZER_NUMBER_OBJECT_CONVERSION = YES_AGGRESSIVE;
				CLANG_CXX_LANGUAGE_STANDARD = "gnu++14";
				CLANG_CXX_LIBRARY = "libc++";
				CLANG_ENABLE_MODULES = YES;
				CLANG_ENABLE_OBJC_ARC = YES;
				CLANG_ENABLE_OBJC_WEAK = YES;
				CLANG_WARN_BLOCK_CAPTURE_AUTORELEASING = YES;
				CLANG_WARN_BOOL_CONVERSION = YES;
				CLANG_WARN_COMMA = YES;
				CLANG_WARN_CONSTANT_CONVERSION = YES;
				CLANG_WARN_DEPRECATED_OBJC_IMPLEMENTATIONS = YES;
				CLANG_WARN_DIRECT_OBJC_ISA_USAGE = YES_ERROR;
				CLANG_WARN_DOCUMENTATION_COMMENTS = YES;
				CLANG_WARN_EMPTY_BODY = YES;
				CLANG_WARN_ENUM_CONVERSION = YES;
				CLANG_WARN_INFINITE_RECURSION = YES;
				CLANG_WARN_INT_CONVERSION = YES;
				CLANG_WARN_NON_LITERAL_NULL_CONVERSION = YES;
				CLANG_WARN_OBJC_IMPLICIT_RETAIN_SELF = YES;
				CLANG_WARN_OBJC_LITERAL_CONVERSION = YES;
				CLANG_WARN_OBJC_ROOT_CLASS = YES_ERROR;
				CLANG_WARN_QUOTED_INCLUDE_IN_FRAMEWORK_HEADER = YES;
				CLANG_WARN_RANGE_LOOP_ANALYSIS = YES;
				CLANG_WARN_STRICT_PROTOTYPES = YES;
				CLANG_WARN_SUSPICIOUS_MOVE = YES;
				CLANG_WARN_UNGUARDED_AVAILABILITY = YES_AGGRESSIVE;
				CLANG_WARN_UNREACHABLE_CODE = YES;
				CLANG_WARN__DUPLICATE_METHOD_MATCH = YES;
				COPY_PHASE_STRIP = NO;
				DEBUG_INFORMATION_FORMAT = dwarf;
				ENABLE_STRICT_OBJC_MSGSEND = YES;
				ENABLE_TESTABILITY = YES;
				GCC_C_LANGUAGE_STANDARD = gnu11;
				GCC_DYNAMIC_NO_PIC = NO;
				GCC_NO_COMMON_BLOCKS = YES;
				GCC_OPTIMIZATION_LEVEL = 0;
				GCC_PREPROCESSOR_DEFINITIONS = (
					"DEBUG=1",
					"$(inherited)",
				);
				GCC_WARN_64_TO_32_BIT_CONVERSION = YES;
				GCC_WARN_ABOUT_RETURN_TYPE = YES_ERROR;
				GCC_WARN_UNDECLARED_SELECTOR = YES;
				GCC_WARN_UNINITIALIZED_AUTOS = YES_AGGRESSIVE;
				GCC_WARN_UNUSED_FUNCTION = YES;
				GCC_WARN_UNUSED_VARIABLE = YES;
				MACOSX_DEPLOYMENT_TARGET = 11.3;
				MTL_ENABLE_DEBUG_INFO = INCLUDE_SOURCE;
				MTL_FAST_MATH = YES;
				ONLY_ACTIVE_ARCH = YES;
				SDKROOT = macosx;
				SWIFT_ACTIVE_COMPILATION_CONDITIONS = DEBUG;
				SWIFT_OPTIMIZATION_LEVEL = "-Onone";
			};
			name = Debug;
		};
		3B671B1C268B4F2300AF1D28 /* Release */ = {
			isa = XCBuildConfiguration;
			buildSettings = {
				ALWAYS_SEARCH_USER_PATHS = NO;
				CLANG_ANALYZER_NONNULL = YES;
				CLANG_ANALYZER_NUMBER_OBJECT_CONVERSION = YES_AGGRESSIVE;
				CLANG_CXX_LANGUAGE_STANDARD = "gnu++14";
				CLANG_CXX_LIBRARY = "libc++";
				CLANG_ENABLE_MODULES = YES;
				CLANG_ENABLE_OBJC_ARC = YES;
				CLANG_ENABLE_OBJC_WEAK = YES;
				CLANG_WARN_BLOCK_CAPTURE_AUTORELEASING = YES;
				CLANG_WARN_BOOL_CONVERSION = YES;
				CLANG_WARN_COMMA = YES;
				CLANG_WARN_CONSTANT_CONVERSION = YES;
				CLANG_WARN_DEPRECATED_OBJC_IMPLEMENTATIONS = YES;
				CLANG_WARN_DIRECT_OBJC_ISA_USAGE = YES_ERROR;
				CLANG_WARN_DOCUMENTATION_COMMENTS = YES;
				CLANG_WARN_EMPTY_BODY = YES;
				CLANG_WARN_ENUM_CONVERSION = YES;
				CLANG_WARN_INFINITE_RECURSION = YES;
				CLANG_WARN_INT_CONVERSION = YES;
				CLANG_WARN_NON_LITERAL_NULL_CONVERSION = YES;
				CLANG_WARN_OBJC_IMPLICIT_RETAIN_SELF = YES;
				CLANG_WARN_OBJC_LITERAL_CONVERSION = YES;
				CLANG_WARN_OBJC_ROOT_CLASS = YES_ERROR;
				CLANG_WARN_QUOTED_INCLUDE_IN_FRAMEWORK_HEADER = YES;
				CLANG_WARN_RANGE_LOOP_ANALYSIS = YES;
				CLANG_WARN_STRICT_PROTOTYPES = YES;
				CLANG_WARN_SUSPICIOUS_MOVE = YES;
				CLANG_WARN_UNGUARDED_AVAILABILITY = YES_AGGRESSIVE;
				CLANG_WARN_UNREACHABLE_CODE = YES;
				CLANG_WARN__DUPLICATE_METHOD_MATCH = YES;
				COPY_PHASE_STRIP = NO;
				DEBUG_INFORMATION_FORMAT = "dwarf-with-dsym";
				ENABLE_NS_ASSERTIONS = NO;
				ENABLE_STRICT_OBJC_MSGSEND = YES;
				GCC_C_LANGUAGE_STANDARD = gnu11;
				GCC_NO_COMMON_BLOCKS = YES;
				GCC_WARN_64_TO_32_BIT_CONVERSION = YES;
				GCC_WARN_ABOUT_RETURN_TYPE = YES_ERROR;
				GCC_WARN_UNDECLARED_SELECTOR = YES;
				GCC_WARN_UNINITIALIZED_AUTOS = YES_AGGRESSIVE;
				GCC_WARN_UNUSED_FUNCTION = YES;
				GCC_WARN_UNUSED_VARIABLE = YES;
				MACOSX_DEPLOYMENT_TARGET = 11.3;
				MTL_ENABLE_DEBUG_INFO = NO;
				MTL_FAST_MATH = YES;
				SDKROOT = macosx;
				SWIFT_COMPILATION_MODE = wholemodule;
				SWIFT_OPTIMIZATION_LEVEL = "-O";
			};
			name = Release;
		};
		3B671B1E268B4F2300AF1D28 /* Debug */ = {
			isa = XCBuildConfiguration;
			buildSettings = {
				ASSETCATALOG_COMPILER_APPICON_NAME = AppIcon;
				ASSETCATALOG_COMPILER_GLOBAL_ACCENT_COLOR_NAME = AccentColor;
				CODE_SIGN_ENTITLEMENTS = SlipboxApp/SlipboxApp.entitlements;
				CODE_SIGN_STYLE = Automatic;
				COMBINE_HIDPI_IMAGES = YES;
				DEVELOPMENT_ASSET_PATHS = "\"SlipboxApp/Preview Content\"";
				DEVELOPMENT_TEAM = WKJSA3Q7M5;
				ENABLE_HARDENED_RUNTIME = YES;
				ENABLE_PREVIEWS = YES;
				INFOPLIST_FILE = SlipboxApp/Info.plist;
				LD_RUNPATH_SEARCH_PATHS = (
					"$(inherited)",
					"@executable_path/../Frameworks",
				);
				MACOSX_DEPLOYMENT_TARGET = 11.0;
				PRODUCT_BUNDLE_IDENTIFIER = mnshkv.app.SlipboxApp;
				PRODUCT_NAME = "$(TARGET_NAME)";
				SWIFT_VERSION = 5.0;
			};
			name = Debug;
		};
		3B671B1F268B4F2300AF1D28 /* Release */ = {
			isa = XCBuildConfiguration;
			buildSettings = {
				ASSETCATALOG_COMPILER_APPICON_NAME = AppIcon;
				ASSETCATALOG_COMPILER_GLOBAL_ACCENT_COLOR_NAME = AccentColor;
				CODE_SIGN_ENTITLEMENTS = SlipboxApp/SlipboxApp.entitlements;
				CODE_SIGN_STYLE = Automatic;
				COMBINE_HIDPI_IMAGES = YES;
				DEVELOPMENT_ASSET_PATHS = "\"SlipboxApp/Preview Content\"";
				DEVELOPMENT_TEAM = WKJSA3Q7M5;
				ENABLE_HARDENED_RUNTIME = YES;
				ENABLE_PREVIEWS = YES;
				INFOPLIST_FILE = SlipboxApp/Info.plist;
				LD_RUNPATH_SEARCH_PATHS = (
					"$(inherited)",
					"@executable_path/../Frameworks",
				);
				MACOSX_DEPLOYMENT_TARGET = 11.0;
				PRODUCT_BUNDLE_IDENTIFIER = mnshkv.app.SlipboxApp;
				PRODUCT_NAME = "$(TARGET_NAME)";
				SWIFT_VERSION = 5.0;
			};
			name = Release;
		};
		3B671B21268B4F2300AF1D28 /* Debug */ = {
			isa = XCBuildConfiguration;
			buildSettings = {
				ALWAYS_EMBED_SWIFT_STANDARD_LIBRARIES = YES;
				BUNDLE_LOADER = "$(TEST_HOST)";
				CODE_SIGN_STYLE = Automatic;
				COMBINE_HIDPI_IMAGES = YES;
				DEVELOPMENT_TEAM = WKJSA3Q7M5;
				INFOPLIST_FILE = SlipboxAppTests/Info.plist;
				LD_RUNPATH_SEARCH_PATHS = (
					"$(inherited)",
					"@executable_path/../Frameworks",
					"@loader_path/../Frameworks",
				);
				MACOSX_DEPLOYMENT_TARGET = 11.0;
				PRODUCT_BUNDLE_IDENTIFIER = mnshkv.app.SlipboxAppTests;
				PRODUCT_NAME = "$(TARGET_NAME)";
				SWIFT_VERSION = 5.0;
				TEST_HOST = "$(BUILT_PRODUCTS_DIR)/SlipboxApp.app/Contents/MacOS/SlipboxApp";
			};
			name = Debug;
		};
		3B671B22268B4F2300AF1D28 /* Release */ = {
			isa = XCBuildConfiguration;
			buildSettings = {
				ALWAYS_EMBED_SWIFT_STANDARD_LIBRARIES = YES;
				BUNDLE_LOADER = "$(TEST_HOST)";
				CODE_SIGN_STYLE = Automatic;
				COMBINE_HIDPI_IMAGES = YES;
				DEVELOPMENT_TEAM = WKJSA3Q7M5;
				INFOPLIST_FILE = SlipboxAppTests/Info.plist;
				LD_RUNPATH_SEARCH_PATHS = (
					"$(inherited)",
					"@executable_path/../Frameworks",
					"@loader_path/../Frameworks",
				);
				MACOSX_DEPLOYMENT_TARGET = 11.0;
				PRODUCT_BUNDLE_IDENTIFIER = mnshkv.app.SlipboxAppTests;
				PRODUCT_NAME = "$(TARGET_NAME)";
				SWIFT_VERSION = 5.0;
				TEST_HOST = "$(BUILT_PRODUCTS_DIR)/SlipboxApp.app/Contents/MacOS/SlipboxApp";
			};
			name = Release;
		};
		3B671B24268B4F2300AF1D28 /* Debug */ = {
			isa = XCBuildConfiguration;
			buildSettings = {
				ALWAYS_EMBED_SWIFT_STANDARD_LIBRARIES = YES;
				CODE_SIGN_STYLE = Automatic;
				COMBINE_HIDPI_IMAGES = YES;
				DEVELOPMENT_TEAM = WKJSA3Q7M5;
				INFOPLIST_FILE = SlipboxAppUITests/Info.plist;
				LD_RUNPATH_SEARCH_PATHS = (
					"$(inherited)",
					"@executable_path/../Frameworks",
					"@loader_path/../Frameworks",
				);
				PRODUCT_BUNDLE_IDENTIFIER = mnshkv.app.SlipboxAppUITests;
				PRODUCT_NAME = "$(TARGET_NAME)";
				SWIFT_VERSION = 5.0;
				TEST_TARGET_NAME = SlipboxApp;
			};
			name = Debug;
		};
		3B671B25268B4F2300AF1D28 /* Release */ = {
			isa = XCBuildConfiguration;
			buildSettings = {
				ALWAYS_EMBED_SWIFT_STANDARD_LIBRARIES = YES;
				CODE_SIGN_STYLE = Automatic;
				COMBINE_HIDPI_IMAGES = YES;
				DEVELOPMENT_TEAM = WKJSA3Q7M5;
				INFOPLIST_FILE = SlipboxAppUITests/Info.plist;
				LD_RUNPATH_SEARCH_PATHS = (
					"$(inherited)",
					"@executable_path/../Frameworks",
					"@loader_path/../Frameworks",
				);
				PRODUCT_BUNDLE_IDENTIFIER = mnshkv.app.SlipboxAppUITests;
				PRODUCT_NAME = "$(TARGET_NAME)";
				SWIFT_VERSION = 5.0;
				TEST_TARGET_NAME = SlipboxApp;
			};
			name = Release;
		};
		3B671B3F268B4F7C00AF1D28 /* Debug */ = {
			isa = XCBuildConfiguration;
			buildSettings = {
				ASSETCATALOG_COMPILER_APPICON_NAME = AppIcon;
				ASSETCATALOG_COMPILER_GLOBAL_ACCENT_COLOR_NAME = AccentColor;
				CODE_SIGN_ENTITLEMENTS = SlipboxPad/SlipboxPad.entitlements;
				CODE_SIGN_STYLE = Automatic;
				DEVELOPMENT_ASSET_PATHS = "\"SlipboxPad/Preview Content\"";
				DEVELOPMENT_TEAM = WKJSA3Q7M5;
				ENABLE_PREVIEWS = YES;
				INFOPLIST_FILE = SlipboxPad/Info.plist;
				IPHONEOS_DEPLOYMENT_TARGET = 14.5;
				LD_RUNPATH_SEARCH_PATHS = (
					"$(inherited)",
					"@executable_path/Frameworks",
				);
				PRODUCT_BUNDLE_IDENTIFIER = mnshkv.app.SlipboxPad;
				PRODUCT_NAME = "$(TARGET_NAME)";
				SDKROOT = iphoneos;
				SWIFT_VERSION = 5.0;
				TARGETED_DEVICE_FAMILY = "1,2";
			};
			name = Debug;
		};
		3B671B40268B4F7C00AF1D28 /* Release */ = {
			isa = XCBuildConfiguration;
			buildSettings = {
				ASSETCATALOG_COMPILER_APPICON_NAME = AppIcon;
				ASSETCATALOG_COMPILER_GLOBAL_ACCENT_COLOR_NAME = AccentColor;
				CODE_SIGN_ENTITLEMENTS = SlipboxPad/SlipboxPad.entitlements;
				CODE_SIGN_STYLE = Automatic;
				DEVELOPMENT_ASSET_PATHS = "\"SlipboxPad/Preview Content\"";
				DEVELOPMENT_TEAM = WKJSA3Q7M5;
				ENABLE_PREVIEWS = YES;
				INFOPLIST_FILE = SlipboxPad/Info.plist;
				IPHONEOS_DEPLOYMENT_TARGET = 14.5;
				LD_RUNPATH_SEARCH_PATHS = (
					"$(inherited)",
					"@executable_path/Frameworks",
				);
				PRODUCT_BUNDLE_IDENTIFIER = mnshkv.app.SlipboxPad;
				PRODUCT_NAME = "$(TARGET_NAME)";
				SDKROOT = iphoneos;
				SWIFT_VERSION = 5.0;
				TARGETED_DEVICE_FAMILY = "1,2";
				VALIDATE_PRODUCT = YES;
			};
			name = Release;
		};
/* End XCBuildConfiguration section */

/* Begin XCConfigurationList section */
		3B671AED268B4F2200AF1D28 /* Build configuration list for PBXProject "SlipboxApp" */ = {
			isa = XCConfigurationList;
			buildConfigurations = (
				3B671B1B268B4F2300AF1D28 /* Debug */,
				3B671B1C268B4F2300AF1D28 /* Release */,
			);
			defaultConfigurationIsVisible = 0;
			defaultConfigurationName = Release;
		};
		3B671B1D268B4F2300AF1D28 /* Build configuration list for PBXNativeTarget "SlipboxApp" */ = {
			isa = XCConfigurationList;
			buildConfigurations = (
				3B671B1E268B4F2300AF1D28 /* Debug */,
				3B671B1F268B4F2300AF1D28 /* Release */,
			);
			defaultConfigurationIsVisible = 0;
			defaultConfigurationName = Release;
		};
		3B671B20268B4F2300AF1D28 /* Build configuration list for PBXNativeTarget "SlipboxAppTests" */ = {
			isa = XCConfigurationList;
			buildConfigurations = (
				3B671B21268B4F2300AF1D28 /* Debug */,
				3B671B22268B4F2300AF1D28 /* Release */,
			);
			defaultConfigurationIsVisible = 0;
			defaultConfigurationName = Release;
		};
		3B671B23268B4F2300AF1D28 /* Build configuration list for PBXNativeTarget "SlipboxAppUITests" */ = {
			isa = XCConfigurationList;
			buildConfigurations = (
				3B671B24268B4F2300AF1D28 /* Debug */,
				3B671B25268B4F2300AF1D28 /* Release */,
			);
			defaultConfigurationIsVisible = 0;
			defaultConfigurationName = Release;
		};
		3B671B3E268B4F7C00AF1D28 /* Build configuration list for PBXNativeTarget "SlipboxPad" */ = {
			isa = XCConfigurationList;
			buildConfigurations = (
				3B671B3F268B4F7C00AF1D28 /* Debug */,
				3B671B40268B4F7C00AF1D28 /* Release */,
			);
			defaultConfigurationIsVisible = 0;
			defaultConfigurationName = Release;
		};
/* End XCConfigurationList section */

/* Begin XCVersionGroup section */
		3B671B00268B4F2300AF1D28 /* SlipboxApp.xcdatamodeld */ = {
			isa = XCVersionGroup;
			children = (
				3B671B01268B4F2300AF1D28 /* SlipboxApp.xcdatamodel */,
			);
			currentVersion = 3B671B01268B4F2300AF1D28 /* SlipboxApp.xcdatamodel */;
			path = SlipboxApp.xcdatamodeld;
			sourceTree = "<group>";
			versionGroupType = wrapper.xcdatamodel;
		};
/* End XCVersionGroup section */
	};
	rootObject = 3B671AEA268B4F2200AF1D28 /* Project object */;
}
